// !$*UTF8*$!
{
	archiveVersion = 1;
	classes = {
	};
	objectVersion = 46;
	objects = {

/* Begin PBXBuildFile section */
		37A4085E19AC3E4300698B69 /* Foundation.framework in Frameworks */ = {isa = PBXBuildFile; fileRef = 37A4085D19AC3E4300698B69 /* Foundation.framework */; };
		37A4086019AC3E4300698B69 /* CoreGraphics.framework in Frameworks */ = {isa = PBXBuildFile; fileRef = 37A4085F19AC3E4300698B69 /* CoreGraphics.framework */; };
		37A4086219AC3E4300698B69 /* UIKit.framework in Frameworks */ = {isa = PBXBuildFile; fileRef = 37A4086119AC3E4300698B69 /* UIKit.framework */; };
		37A4086419AC3E4300698B69 /* SpriteKit.framework in Frameworks */ = {isa = PBXBuildFile; fileRef = 37A4086319AC3E4300698B69 /* SpriteKit.framework */; };
		37A4086A19AC3E4300698B69 /* InfoPlist.strings in Resources */ = {isa = PBXBuildFile; fileRef = 37A4086819AC3E4300698B69 /* InfoPlist.strings */; };
		37A4086C19AC3E4300698B69 /* main.m in Sources */ = {isa = PBXBuildFile; fileRef = 37A4086B19AC3E4300698B69 /* main.m */; };
		37A4087019AC3E4300698B69 /* PSAppDelegate.m in Sources */ = {isa = PBXBuildFile; fileRef = 37A4086F19AC3E4300698B69 /* PSAppDelegate.m */; };
		37A4087319AC3E4300698B69 /* Main.storyboard in Resources */ = {isa = PBXBuildFile; fileRef = 37A4087119AC3E4300698B69 /* Main.storyboard */; };
		37A4087619AC3E4300698B69 /* PSViewController.m in Sources */ = {isa = PBXBuildFile; fileRef = 37A4087519AC3E4300698B69 /* PSViewController.m */; };
		37A4087919AC3E4300698B69 /* PSMyScene.m in Sources */ = {isa = PBXBuildFile; fileRef = 37A4087819AC3E4300698B69 /* PSMyScene.m */; };
		37A4087D19AC3E4300698B69 /* Images.xcassets in Resources */ = {isa = PBXBuildFile; fileRef = 37A4087C19AC3E4300698B69 /* Images.xcassets */; };
		37A4088419AC3E4400698B69 /* XCTest.framework in Frameworks */ = {isa = PBXBuildFile; fileRef = 37A4088319AC3E4400698B69 /* XCTest.framework */; };
		37A4088519AC3E4400698B69 /* Foundation.framework in Frameworks */ = {isa = PBXBuildFile; fileRef = 37A4085D19AC3E4300698B69 /* Foundation.framework */; };
		37A4088619AC3E4400698B69 /* UIKit.framework in Frameworks */ = {isa = PBXBuildFile; fileRef = 37A4086119AC3E4300698B69 /* UIKit.framework */; };
		37A4088E19AC3E4400698B69 /* InfoPlist.strings in Resources */ = {isa = PBXBuildFile; fileRef = 37A4088C19AC3E4400698B69 /* InfoPlist.strings */; };
		37A4089019AC3E4400698B69 /* SpriteKitBackgroundMusicTests.m in Sources */ = {isa = PBXBuildFile; fileRef = 37A4088F19AC3E4400698B69 /* SpriteKitBackgroundMusicTests.m */; };
		37C5080119AC4DD100A2BEC5 /* AVFoundation.framework in Frameworks */ = {isa = PBXBuildFile; fileRef = 37C5080019AC4DD100A2BEC5 /* AVFoundation.framework */; };
		37C5080419AC4F5D00A2BEC5 /* GameOver.mp3 in Resources */ = {isa = PBXBuildFile; fileRef = 37C5080219AC4F5D00A2BEC5 /* GameOver.mp3 */; };
		37C5080519AC4F5D00A2BEC5 /* Gameplay.mp3 in Resources */ = {isa = PBXBuildFile; fileRef = 37C5080319AC4F5D00A2BEC5 /* Gameplay.mp3 */; };
		37C5080819AC59F800A2BEC5 /* button_sound_off@2x.png in Resources */ = {isa = PBXBuildFile; fileRef = 37C5080619AC59F800A2BEC5 /* button_sound_off@2x.png */; };
		37C5080919AC59F800A2BEC5 /* button_sound_on@2x.png in Resources */ = {isa = PBXBuildFile; fileRef = 37C5080719AC59F800A2BEC5 /* button_sound_on@2x.png */; };
/* End PBXBuildFile section */

/* Begin PBXContainerItemProxy section */
		37A4088719AC3E4400698B69 /* PBXContainerItemProxy */ = {
			isa = PBXContainerItemProxy;
			containerPortal = 37A4085219AC3E4300698B69 /* Project object */;
			proxyType = 1;
			remoteGlobalIDString = 37A4085919AC3E4300698B69;
			remoteInfo = SpriteKitBackgroundMusic;
		};
/* End PBXContainerItemProxy section */

/* Begin PBXFileReference section */
		37A4085A19AC3E4300698B69 /* SpriteKitBackgroundMusic.app */ = {isa = PBXFileReference; explicitFileType = wrapper.application; includeInIndex = 0; path = SpriteKitBackgroundMusic.app; sourceTree = BUILT_PRODUCTS_DIR; };
		37A4085D19AC3E4300698B69 /* Foundation.framework */ = {isa = PBXFileReference; lastKnownFileType = wrapper.framework; name = Foundation.framework; path = System/Library/Frameworks/Foundation.framework; sourceTree = SDKROOT; };
		37A4085F19AC3E4300698B69 /* CoreGraphics.framework */ = {isa = PBXFileReference; lastKnownFileType = wrapper.framework; name = CoreGraphics.framework; path = System/Library/Frameworks/CoreGraphics.framework; sourceTree = SDKROOT; };
		37A4086119AC3E4300698B69 /* UIKit.framework */ = {isa = PBXFileReference; lastKnownFileType = wrapper.framework; name = UIKit.framework; path = System/Library/Frameworks/UIKit.framework; sourceTree = SDKROOT; };
		37A4086319AC3E4300698B69 /* SpriteKit.framework */ = {isa = PBXFileReference; lastKnownFileType = wrapper.framework; name = SpriteKit.framework; path = System/Library/Frameworks/SpriteKit.framework; sourceTree = SDKROOT; };
		37A4086719AC3E4300698B69 /* SpriteKitBackgroundMusic-Info.plist */ = {isa = PBXFileReference; lastKnownFileType = text.plist.xml; path = "SpriteKitBackgroundMusic-Info.plist"; sourceTree = "<group>"; };
		37A4086919AC3E4300698B69 /* en */ = {isa = PBXFileReference; lastKnownFileType = text.plist.strings; name = en; path = en.lproj/InfoPlist.strings; sourceTree = "<group>"; };
		37A4086B19AC3E4300698B69 /* main.m */ = {isa = PBXFileReference; lastKnownFileType = sourcecode.c.objc; path = main.m; sourceTree = "<group>"; };
		37A4086D19AC3E4300698B69 /* SpriteKitBackgroundMusic-Prefix.pch */ = {isa = PBXFileReference; lastKnownFileType = sourcecode.c.h; path = "SpriteKitBackgroundMusic-Prefix.pch"; sourceTree = "<group>"; };
		37A4086E19AC3E4300698B69 /* PSAppDelegate.h */ = {isa = PBXFileReference; lastKnownFileType = sourcecode.c.h; path = PSAppDelegate.h; sourceTree = "<group>"; };
		37A4086F19AC3E4300698B69 /* PSAppDelegate.m */ = {isa = PBXFileReference; lastKnownFileType = sourcecode.c.objc; path = PSAppDelegate.m; sourceTree = "<group>"; };
		37A4087219AC3E4300698B69 /* Base */ = {isa = PBXFileReference; lastKnownFileType = file.storyboard; name = Base; path = Base.lproj/Main.storyboard; sourceTree = "<group>"; };
		37A4087419AC3E4300698B69 /* PSViewController.h */ = {isa = PBXFileReference; lastKnownFileType = sourcecode.c.h; path = PSViewController.h; sourceTree = "<group>"; };
		37A4087519AC3E4300698B69 /* PSViewController.m */ = {isa = PBXFileReference; lastKnownFileType = sourcecode.c.objc; path = PSViewController.m; sourceTree = "<group>"; };
		37A4087719AC3E4300698B69 /* PSMyScene.h */ = {isa = PBXFileReference; lastKnownFileType = sourcecode.c.h; path = PSMyScene.h; sourceTree = "<group>"; };
		37A4087819AC3E4300698B69 /* PSMyScene.m */ = {isa = PBXFileReference; lastKnownFileType = sourcecode.c.objc; path = PSMyScene.m; sourceTree = "<group>"; };
		37A4087C19AC3E4300698B69 /* Images.xcassets */ = {isa = PBXFileReference; lastKnownFileType = folder.assetcatalog; path = Images.xcassets; sourceTree = "<group>"; };
		37A4088219AC3E4400698B69 /* SpriteKitBackgroundMusicTests.xctest */ = {isa = PBXFileReference; explicitFileType = wrapper.cfbundle; includeInIndex = 0; path = SpriteKitBackgroundMusicTests.xctest; sourceTree = BUILT_PRODUCTS_DIR; };
		37A4088319AC3E4400698B69 /* XCTest.framework */ = {isa = PBXFileReference; lastKnownFileType = wrapper.framework; name = XCTest.framework; path = Library/Frameworks/XCTest.framework; sourceTree = DEVELOPER_DIR; };
		37A4088B19AC3E4400698B69 /* SpriteKitBackgroundMusicTests-Info.plist */ = {isa = PBXFileReference; lastKnownFileType = text.plist.xml; path = "SpriteKitBackgroundMusicTests-Info.plist"; sourceTree = "<group>"; };
		37A4088D19AC3E4400698B69 /* en */ = {isa = PBXFileReference; lastKnownFileType = text.plist.strings; name = en; path = en.lproj/InfoPlist.strings; sourceTree = "<group>"; };
		37A4088F19AC3E4400698B69 /* SpriteKitBackgroundMusicTests.m */ = {isa = PBXFileReference; lastKnownFileType = sourcecode.c.objc; path = SpriteKitBackgroundMusicTests.m; sourceTree = "<group>"; };
		37C5080019AC4DD100A2BEC5 /* AVFoundation.framework */ = {isa = PBXFileReference; lastKnownFileType = wrapper.framework; name = AVFoundation.framework; path = System/Library/Frameworks/AVFoundation.framework; sourceTree = SDKROOT; };
		37C5080219AC4F5D00A2BEC5 /* GameOver.mp3 */ = {isa = PBXFileReference; lastKnownFileType = audio.mp3; path = GameOver.mp3; sourceTree = "<group>"; };
		37C5080319AC4F5D00A2BEC5 /* Gameplay.mp3 */ = {isa = PBXFileReference; lastKnownFileType = audio.mp3; path = Gameplay.mp3; sourceTree = "<group>"; };
		37C5080619AC59F800A2BEC5 /* button_sound_off@2x.png */ = {isa = PBXFileReference; lastKnownFileType = image.png; path = "button_sound_off@2x.png"; sourceTree = "<group>"; };
		37C5080719AC59F800A2BEC5 /* button_sound_on@2x.png */ = {isa = PBXFileReference; lastKnownFileType = image.png; path = "button_sound_on@2x.png"; sourceTree = "<group>"; };
/* End PBXFileReference section */

/* Begin PBXFrameworksBuildPhase section */
		37A4085719AC3E4300698B69 /* Frameworks */ = {
			isa = PBXFrameworksBuildPhase;
			buildActionMask = 2147483647;
			files = (
				37C5080119AC4DD100A2BEC5 /* AVFoundation.framework in Frameworks */,
				37A4086019AC3E4300698B69 /* CoreGraphics.framework in Frameworks */,
				37A4086219AC3E4300698B69 /* UIKit.framework in Frameworks */,
				37A4086419AC3E4300698B69 /* SpriteKit.framework in Frameworks */,
				37A4085E19AC3E4300698B69 /* Foundation.framework in Frameworks */,
			);
			runOnlyForDeploymentPostprocessing = 0;
		};
		37A4087F19AC3E4400698B69 /* Frameworks */ = {
			isa = PBXFrameworksBuildPhase;
			buildActionMask = 2147483647;
			files = (
				37A4088419AC3E4400698B69 /* XCTest.framework in Frameworks */,
				37A4088619AC3E4400698B69 /* UIKit.framework in Frameworks */,
				37A4088519AC3E4400698B69 /* Foundation.framework in Frameworks */,
			);
			runOnlyForDeploymentPostprocessing = 0;
		};
/* End PBXFrameworksBuildPhase section */

/* Begin PBXGroup section */
		37A4085119AC3E4300698B69 = {
			isa = PBXGroup;
			children = (
				37A4086519AC3E4300698B69 /* SpriteKitBackgroundMusic */,
				37A4088919AC3E4400698B69 /* SpriteKitBackgroundMusicTests */,
				37A4085C19AC3E4300698B69 /* Frameworks */,
				37A4085B19AC3E4300698B69 /* Products */,
			);
			sourceTree = "<group>";
		};
		37A4085B19AC3E4300698B69 /* Products */ = {
			isa = PBXGroup;
			children = (
				37A4085A19AC3E4300698B69 /* SpriteKitBackgroundMusic.app */,
				37A4088219AC3E4400698B69 /* SpriteKitBackgroundMusicTests.xctest */,
			);
			name = Products;
			sourceTree = "<group>";
		};
		37A4085C19AC3E4300698B69 /* Frameworks */ = {
			isa = PBXGroup;
			children = (
				37C5080019AC4DD100A2BEC5 /* AVFoundation.framework */,
				37A4085D19AC3E4300698B69 /* Foundation.framework */,
				37A4085F19AC3E4300698B69 /* CoreGraphics.framework */,
				37A4086119AC3E4300698B69 /* UIKit.framework */,
				37A4086319AC3E4300698B69 /* SpriteKit.framework */,
				37A4088319AC3E4400698B69 /* XCTest.framework */,
			);
			name = Frameworks;
			sourceTree = "<group>";
		};
		37A4086519AC3E4300698B69 /* SpriteKitBackgroundMusic */ = {
			isa = PBXGroup;
			children = (
				37A4086E19AC3E4300698B69 /* PSAppDelegate.h */,
				37A4086F19AC3E4300698B69 /* PSAppDelegate.m */,
				37A4087119AC3E4300698B69 /* Main.storyboard */,
				37A4087419AC3E4300698B69 /* PSViewController.h */,
				37A4087519AC3E4300698B69 /* PSViewController.m */,
				37A4087719AC3E4300698B69 /* PSMyScene.h */,
				37A4087819AC3E4300698B69 /* PSMyScene.m */,
				37C5080219AC4F5D00A2BEC5 /* GameOver.mp3 */,
				37C5080319AC4F5D00A2BEC5 /* Gameplay.mp3 */,
				37C5080619AC59F800A2BEC5 /* button_sound_off@2x.png */,
				37C5080719AC59F800A2BEC5 /* button_sound_on@2x.png */,
				37A4087C19AC3E4300698B69 /* Images.xcassets */,
				37A4086619AC3E4300698B69 /* Supporting Files */,
			);
			path = SpriteKitBackgroundMusic;
			sourceTree = "<group>";
		};
		37A4086619AC3E4300698B69 /* Supporting Files */ = {
			isa = PBXGroup;
			children = (
				37A4086719AC3E4300698B69 /* SpriteKitBackgroundMusic-Info.plist */,
				37A4086819AC3E4300698B69 /* InfoPlist.strings */,
				37A4086B19AC3E4300698B69 /* main.m */,
				37A4086D19AC3E4300698B69 /* SpriteKitBackgroundMusic-Prefix.pch */,
			);
			name = "Supporting Files";
			sourceTree = "<group>";
		};
		37A4088919AC3E4400698B69 /* SpriteKitBackgroundMusicTests */ = {
			isa = PBXGroup;
			children = (
				37A4088F19AC3E4400698B69 /* SpriteKitBackgroundMusicTests.m */,
				37A4088A19AC3E4400698B69 /* Supporting Files */,
			);
			path = SpriteKitBackgroundMusicTests;
			sourceTree = "<group>";
		};
		37A4088A19AC3E4400698B69 /* Supporting Files */ = {
			isa = PBXGroup;
			children = (
				37A4088B19AC3E4400698B69 /* SpriteKitBackgroundMusicTests-Info.plist */,
				37A4088C19AC3E4400698B69 /* InfoPlist.strings */,
			);
			name = "Supporting Files";
			sourceTree = "<group>";
		};
/* End PBXGroup section */

/* Begin PBXNativeTarget section */
		37A4085919AC3E4300698B69 /* SpriteKitBackgroundMusic */ = {
			isa = PBXNativeTarget;
			buildConfigurationList = 37A4089319AC3E4400698B69 /* Build configuration list for PBXNativeTarget "SpriteKitBackgroundMusic" */;
			buildPhases = (
				37A4085619AC3E4300698B69 /* Sources */,
				37A4085719AC3E4300698B69 /* Frameworks */,
				37A4085819AC3E4300698B69 /* Resources */,
			);
			buildRules = (
			);
			dependencies = (
			);
			name = SpriteKitBackgroundMusic;
			productName = SpriteKitBackgroundMusic;
			productReference = 37A4085A19AC3E4300698B69 /* SpriteKitBackgroundMusic.app */;
			productType = "com.apple.product-type.application";
		};
		37A4088119AC3E4400698B69 /* SpriteKitBackgroundMusicTests */ = {
			isa = PBXNativeTarget;
			buildConfigurationList = 37A4089619AC3E4400698B69 /* Build configuration list for PBXNativeTarget "SpriteKitBackgroundMusicTests" */;
			buildPhases = (
				37A4087E19AC3E4400698B69 /* Sources */,
				37A4087F19AC3E4400698B69 /* Frameworks */,
				37A4088019AC3E4400698B69 /* Resources */,
			);
			buildRules = (
			);
			dependencies = (
				37A4088819AC3E4400698B69 /* PBXTargetDependency */,
			);
			name = SpriteKitBackgroundMusicTests;
			productName = SpriteKitBackgroundMusicTests;
			productReference = 37A4088219AC3E4400698B69 /* SpriteKitBackgroundMusicTests.xctest */;
			productType = "com.apple.product-type.bundle.unit-test";
		};
/* End PBXNativeTarget section */

/* Begin PBXProject section */
		37A4085219AC3E4300698B69 /* Project object */ = {
			isa = PBXProject;
			attributes = {
				CLASSPREFIX = PS;
				LastUpgradeCheck = 0510;
				ORGANIZATIONNAME = "Prism Studios, LLC.";
				TargetAttributes = {
					37A4088119AC3E4400698B69 = {
						TestTargetID = 37A4085919AC3E4300698B69;
					};
				};
			};
			buildConfigurationList = 37A4085519AC3E4300698B69 /* Build configuration list for PBXProject "SpriteKitBackgroundMusic" */;
			compatibilityVersion = "Xcode 3.2";
			developmentRegion = English;
			hasScannedForEncodings = 0;
			knownRegions = (
				en,
				Base,
			);
			mainGroup = 37A4085119AC3E4300698B69;
			productRefGroup = 37A4085B19AC3E4300698B69 /* Products */;
			projectDirPath = "";
			projectRoot = "";
			targets = (
				37A4085919AC3E4300698B69 /* SpriteKitBackgroundMusic */,
				37A4088119AC3E4400698B69 /* SpriteKitBackgroundMusicTests */,
			);
		};
/* End PBXProject section */

/* Begin PBXResourcesBuildPhase section */
		37A4085819AC3E4300698B69 /* Resources */ = {
			isa = PBXResourcesBuildPhase;
			buildActionMask = 2147483647;
			files = (
				37A4086A19AC3E4300698B69 /* InfoPlist.strings in Resources */,
				37A4087D19AC3E4300698B69 /* Images.xcassets in Resources */,
				37C5080819AC59F800A2BEC5 /* button_sound_off@2x.png in Resources */,
				37C5080919AC59F800A2BEC5 /* button_sound_on@2x.png in Resources */,
				37A4087319AC3E4300698B69 /* Main.storyboard in Resources */,
				37C5080519AC4F5D00A2BEC5 /* Gameplay.mp3 in Resources */,
				37C5080419AC4F5D00A2BEC5 /* GameOver.mp3 in Resources */,
			);
			runOnlyForDeploymentPostprocessing = 0;
		};
		37A4088019AC3E4400698B69 /* Resources */ = {
			isa = PBXResourcesBuildPhase;
			buildActionMask = 2147483647;
			files = (
				37A4088E19AC3E4400698B69 /* InfoPlist.strings in Resources */,
			);
			runOnlyForDeploymentPostprocessing = 0;
		};
/* End PBXResourcesBuildPhase section */

/* Begin PBXSourcesBuildPhase section */
		37A4085619AC3E4300698B69 /* Sources */ = {
			isa = PBXSourcesBuildPhase;
			buildActionMask = 2147483647;
			files = (
				37A4086C19AC3E4300698B69 /* main.m in Sources */,
				37A4087919AC3E4300698B69 /* PSMyScene.m in Sources */,
				37A4087619AC3E4300698B69 /* PSViewController.m in Sources */,
				37A4087019AC3E4300698B69 /* PSAppDelegate.m in Sources */,
			);
			runOnlyForDeploymentPostprocessing = 0;
		};
		37A4087E19AC3E4400698B69 /* Sources */ = {
			isa = PBXSourcesBuildPhase;
			buildActionMask = 2147483647;
			files = (
				37A4089019AC3E4400698B69 /* SpriteKitBackgroundMusicTests.m in Sources */,
			);
			runOnlyForDeploymentPostprocessing = 0;
		};
/* End PBXSourcesBuildPhase section */

/* Begin PBXTargetDependency section */
		37A4088819AC3E4400698B69 /* PBXTargetDependency */ = {
			isa = PBXTargetDependency;
			target = 37A4085919AC3E4300698B69 /* SpriteKitBackgroundMusic */;
			targetProxy = 37A4088719AC3E4400698B69 /* PBXContainerItemProxy */;
		};
/* End PBXTargetDependency section */

/* Begin PBXVariantGroup section */
		37A4086819AC3E4300698B69 /* InfoPlist.strings */ = {
			isa = PBXVariantGroup;
			children = (
				37A4086919AC3E4300698B69 /* en */,
			);
			name = InfoPlist.strings;
			sourceTree = "<group>";
		};
		37A4087119AC3E4300698B69 /* Main.storyboard */ = {
			isa = PBXVariantGroup;
			children = (
				37A4087219AC3E4300698B69 /* Base */,
			);
			name = Main.storyboard;
			sourceTree = "<group>";
		};
		37A4088C19AC3E4400698B69 /* InfoPlist.strings */ = {
			isa = PBXVariantGroup;
			children = (
				37A4088D19AC3E4400698B69 /* en */,
			);
			name = InfoPlist.strings;
			sourceTree = "<group>";
		};
/* End PBXVariantGroup section */

/* Begin XCBuildConfiguration section */
		37A4089119AC3E4400698B69 /* Debug */ = {
			isa = XCBuildConfiguration;
			buildSettings = {
				ALWAYS_SEARCH_USER_PATHS = NO;
				CLANG_CXX_LANGUAGE_STANDARD = "gnu++0x";
				CLANG_CXX_LIBRARY = "libc++";
				CLANG_ENABLE_MODULES = YES;
				CLANG_ENABLE_OBJC_ARC = YES;
				CLANG_WARN_BOOL_CONVERSION = YES;
				CLANG_WARN_CONSTANT_CONVERSION = YES;
				CLANG_WARN_DIRECT_OBJC_ISA_USAGE = YES_ERROR;
				CLANG_WARN_EMPTY_BODY = YES;
				CLANG_WARN_ENUM_CONVERSION = YES;
				CLANG_WARN_INT_CONVERSION = YES;
				CLANG_WARN_OBJC_ROOT_CLASS = YES_ERROR;
				CLANG_WARN__DUPLICATE_METHOD_MATCH = YES;
				"CODE_SIGN_IDENTITY[sdk=iphoneos*]" = "iPhone Developer";
				COPY_PHASE_STRIP = NO;
				GCC_C_LANGUAGE_STANDARD = gnu99;
				GCC_DYNAMIC_NO_PIC = NO;
				GCC_OPTIMIZATION_LEVEL = 0;
				GCC_PREPROCESSOR_DEFINITIONS = (
					"DEBUG=1",
					"$(inherited)",
				);
				GCC_SYMBOLS_PRIVATE_EXTERN = NO;
				GCC_WARN_64_TO_32_BIT_CONVERSION = YES;
				GCC_WARN_ABOUT_RETURN_TYPE = YES_ERROR;
				GCC_WARN_UNDECLARED_SELECTOR = YES;
				GCC_WARN_UNINITIALIZED_AUTOS = YES_AGGRESSIVE;
				GCC_WARN_UNUSED_FUNCTION = YES;
				GCC_WARN_UNUSED_VARIABLE = YES;
				IPHONEOS_DEPLOYMENT_TARGET = 7.1;
				ONLY_ACTIVE_ARCH = YES;
				SDKROOT = iphoneos;
			};
			name = Debug;
		};
		37A4089219AC3E4400698B69 /* Release */ = {
			isa = XCBuildConfiguration;
			buildSettings = {
				ALWAYS_SEARCH_USER_PATHS = NO;
				CLANG_CXX_LANGUAGE_STANDARD = "gnu++0x";
				CLANG_CXX_LIBRARY = "libc++";
				CLANG_ENABLE_MODULES = YES;
				CLANG_ENABLE_OBJC_ARC = YES;
				CLANG_WARN_BOOL_CONVERSION = YES;
				CLANG_WARN_CONSTANT_CONVERSION = YES;
				CLANG_WARN_DIRECT_OBJC_ISA_USAGE = YES_ERROR;
				CLANG_WARN_EMPTY_BODY = YES;
				CLANG_WARN_ENUM_CONVERSION = YES;
				CLANG_WARN_INT_CONVERSION = YES;
				CLANG_WARN_OBJC_ROOT_CLASS = YES_ERROR;
				CLANG_WARN__DUPLICATE_METHOD_MATCH = YES;
				"CODE_SIGN_IDENTITY[sdk=iphoneos*]" = "iPhone Developer";
				COPY_PHASE_STRIP = YES;
				ENABLE_NS_ASSERTIONS = NO;
				GCC_C_LANGUAGE_STANDARD = gnu99;
				GCC_WARN_64_TO_32_BIT_CONVERSION = YES;
				GCC_WARN_ABOUT_RETURN_TYPE = YES_ERROR;
				GCC_WARN_UNDECLARED_SELECTOR = YES;
				GCC_WARN_UNINITIALIZED_AUTOS = YES_AGGRESSIVE;
				GCC_WARN_UNUSED_FUNCTION = YES;
				GCC_WARN_UNUSED_VARIABLE = YES;
				IPHONEOS_DEPLOYMENT_TARGET = 7.1;
				SDKROOT = iphoneos;
				VALIDATE_PRODUCT = YES;
			};
			name = Release;
		};
		37A4089419AC3E4400698B69 /* Debug */ = {
			isa = XCBuildConfiguration;
			buildSettings = {
				ASSETCATALOG_COMPILER_APPICON_NAME = AppIcon;
				ASSETCATALOG_COMPILER_LAUNCHIMAGE_NAME = LaunchImage;
				GCC_PRECOMPILE_PREFIX_HEADER = YES;
				GCC_PREFIX_HEADER = "SpriteKitBackgroundMusic/SpriteKitBackgroundMusic-Prefix.pch";
				INFOPLIST_FILE = "SpriteKitBackgroundMusic/SpriteKitBackgroundMusic-Info.plist";
				PRODUCT_NAME = "$(TARGET_NAME)";
				SPRITEKIT_TEXTURE_ATLAS_OUTPUT = YES;
				WRAPPER_EXTENSION = app;
			};
			name = Debug;
		};
		37A4089519AC3E4400698B69 /* Release */ = {
			isa = XCBuildConfiguration;
			buildSettings = {
				ASSETCATALOG_COMPILER_APPICON_NAME = AppIcon;
				ASSETCATALOG_COMPILER_LAUNCHIMAGE_NAME = LaunchImage;
				GCC_PRECOMPILE_PREFIX_HEADER = YES;
				GCC_PREFIX_HEADER = "SpriteKitBackgroundMusic/SpriteKitBackgroundMusic-Prefix.pch";
				INFOPLIST_FILE = "SpriteKitBackgroundMusic/SpriteKitBackgroundMusic-Info.plist";
				PRODUCT_NAME = "$(TARGET_NAME)";
				SPRITEKIT_TEXTURE_ATLAS_OUTPUT = YES;
				WRAPPER_EXTENSION = app;
			};
			name = Release;
		};
		37A4089719AC3E4400698B69 /* Debug */ = {
			isa = XCBuildConfiguration;
			buildSettings = {
				BUNDLE_LOADER = "$(BUILT_PRODUCTS_DIR)/SpriteKitBackgroundMusic.app/SpriteKitBackgroundMusic";
				FRAMEWORK_SEARCH_PATHS = (
					"$(SDKROOT)/Developer/Library/Frameworks",
					"$(inherited)",
					"$(DEVELOPER_FRAMEWORKS_DIR)",
				);
				GCC_PRECOMPILE_PREFIX_HEADER = YES;
				GCC_PREFIX_HEADER = "SpriteKitBackgroundMusic/SpriteKitBackgroundMusic-Prefix.pch";
				GCC_PREPROCESSOR_DEFINITIONS = (
					"DEBUG=1",
					"$(inherited)",
				);
				INFOPLIST_FILE = "SpriteKitBackgroundMusicTests/SpriteKitBackgroundMusicTests-Info.plist";
				PRODUCT_NAME = "$(TARGET_NAME)";
				TEST_HOST = "$(BUNDLE_LOADER)";
				WRAPPER_EXTENSION = xctest;
			};
			name = Debug;
		};
		37A4089819AC3E4400698B69 /* Release */ = {
			isa = XCBuildConfiguration;
			buildSettings = {
				BUNDLE_LOADER = "$(BUILT_PRODUCTS_DIR)/SpriteKitBackgroundMusic.app/SpriteKitBackgroundMusic";
				FRAMEWORK_SEARCH_PATHS = (
					"$(SDKROOT)/Developer/Library/Frameworks",
					"$(inherited)",
					"$(DEVELOPER_FRAMEWORKS_DIR)",
				);
				GCC_PRECOMPILE_PREFIX_HEADER = YES;
				GCC_PREFIX_HEADER = "SpriteKitBackgroundMusic/SpriteKitBackgroundMusic-Prefix.pch";
				INFOPLIST_FILE = "SpriteKitBackgroundMusicTests/SpriteKitBackgroundMusicTests-Info.plist";
				PRODUCT_NAME = "$(TARGET_NAME)";
				TEST_HOST = "$(BUNDLE_LOADER)";
				WRAPPER_EXTENSION = xctest;
			};
			name = Release;
		};
/* End XCBuildConfiguration section */

/* Begin XCConfigurationList section */
		37A4085519AC3E4300698B69 /* Build configuration list for PBXProject "SpriteKitBackgroundMusic" */ = {
			isa = XCConfigurationList;
			buildConfigurations = (
				37A4089119AC3E4400698B69 /* Debug */,
				37A4089219AC3E4400698B69 /* Release */,
			);
			defaultConfigurationIsVisible = 0;
			defaultConfigurationName = Release;
		};
		37A4089319AC3E4400698B69 /* Build configuration list for PBXNativeTarget "SpriteKitBackgroundMusic" */ = {
			isa = XCConfigurationList;
			buildConfigurations = (
				37A4089419AC3E4400698B69 /* Debug */,
				37A4089519AC3E4400698B69 /* Release */,
			);
			defaultConfigurationIsVisible = 0;
			defaultConfigurationName = Release;
		};
		37A4089619AC3E4400698B69 /* Build configuration list for PBXNativeTarget "SpriteKitBackgroundMusicTests" */ = {
			isa = XCConfigurationList;
			buildConfigurations = (
				37A4089719AC3E4400698B69 /* Debug */,
				37A4089819AC3E4400698B69 /* Release */,
			);
			defaultConfigurationIsVisible = 0;
			defaultConfigurationName = Release;
		};
/* End XCConfigurationList section */
	};
	rootObject = 37A4085219AC3E4300698B69 /* Project object */;
}
